
Microsoft Visual Studio Solution File, Format Version 12.00
Project("{FAE04EC0-301F-11D3-BF4B-00C04F79EFBC}") = "Health", "Health\Health.csproj", "{EC7B8436-2CD5-43F0-813F-BEC3057130CE}"
EndProject
Global
	GlobalSection(SolutionConfigurationPlatforms) = preSolution
		Debug|Any CPU = Debug|Any CPU
		Release|Any CPU = Release|Any CPU
	EndGlobalSection
	GlobalSection(ProjectConfigurationPlatforms) = postSolution
		{EC7B8436-2CD5-43F0-813F-BEC3057130CE}.Debug|Any CPU.ActiveCfg = Debug|Any CPU
		{EC7B8436-2CD5-43F0-813F-BEC3057130CE}.Debug|Any CPU.Build.0 = Debug|Any CPU
		{EC7B8436-2CD5-43F0-813F-BEC3057130CE}.Release|Any CPU.ActiveCfg = Release|Any CPU
		{EC7B8436-2CD5-43F0-813F-BEC3057130CE}.Release|Any CPU.Build.0 = Release|Any CPU
	EndGlobalSection
EndGlobal
